// !$*UTF8*$!
{
	archiveVersion = 1;
	classes = {
	};
	objectVersion = 56;
	objects = {

/* Begin PBXBuildFile section */
		67DCC4602D419833004ECCBB /* AppDelegate.swift in Sources */ = {isa = PBXBuildFile; fileRef = 67DCC45F2D419833004ECCBB /* AppDelegate.swift */; };
		67DCC4622D419833004ECCBB /* SceneDelegate.swift in Sources */ = {isa = PBXBuildFile; fileRef = 67DCC4612D419833004ECCBB /* SceneDelegate.swift */; };
		67DCC4642D419833004ECCBB /* ViewController.swift in Sources */ = {isa = PBXBuildFile; fileRef = 67DCC4632D419833004ECCBB /* ViewController.swift */; };
		67DCC4672D419833004ECCBB /* Base in Resources */ = {isa = PBXBuildFile; fileRef = 67DCC4662D419833004ECCBB /* Base */; };
		67DCC4692D419834004ECCBB /* Assets.xcassets in Resources */ = {isa = PBXBuildFile; fileRef = 67DCC4682D419834004ECCBB /* Assets.xcassets */; };
		67DCC46C2D419834004ECCBB /* Base in Resources */ = {isa = PBXBuildFile; fileRef = 67DCC46B2D419834004ECCBB /* Base */; };
		67DCC4772D419834004ECCBB /* GoodByeAppTests.swift in Sources */ = {isa = PBXBuildFile; fileRef = 67DCC4762D419834004ECCBB /* GoodByeAppTests.swift */; };
		67DCC4812D419834004ECCBB /* GoodByeAppUITests.swift in Sources */ = {isa = PBXBuildFile; fileRef = 67DCC4802D419834004ECCBB /* GoodByeAppUITests.swift */; };
		67DCC4832D419834004ECCBB /* GoodByeAppUITestsLaunchTests.swift in Sources */ = {isa = PBXBuildFile; fileRef = 67DCC4822D419834004ECCBB /* GoodByeAppUITestsLaunchTests.swift */; };
/* End PBXBuildFile section */

/* Begin PBXContainerItemProxy section */
		67DCC4732D419834004ECCBB /* PBXContainerItemProxy */ = {
			isa = PBXContainerItemProxy;
			containerPortal = 67DCC4542D419833004ECCBB /* Project object */;
			proxyType = 1;
			remoteGlobalIDString = 67DCC45B2D419833004ECCBB;
			remoteInfo = GoodByeApp;
		};
		67DCC47D2D419834004ECCBB /* PBXContainerItemProxy */ = {
			isa = PBXContainerItemProxy;
			containerPortal = 67DCC4542D419833004ECCBB /* Project object */;
			proxyType = 1;
			remoteGlobalIDString = 67DCC45B2D419833004ECCBB;
			remoteInfo = GoodByeApp;
		};
/* End PBXContainerItemProxy section */

/* Begin PBXFileReference section */
		67DCC45C2D419833004ECCBB /* GoodByeApp.app */ = {isa = PBXFileReference; explicitFileType = wrapper.application; includeInIndex = 0; path = GoodByeApp.app; sourceTree = BUILT_PRODUCTS_DIR; };
		67DCC45F2D419833004ECCBB /* AppDelegate.swift */ = {isa = PBXFileReference; lastKnownFileType = sourcecode.swift; path = AppDelegate.swift; sourceTree = "<group>"; };
		67DCC4612D419833004ECCBB /* SceneDelegate.swift */ = {isa = PBXFileReference; lastKnownFileType = sourcecode.swift; path = SceneDelegate.swift; sourceTree = "<group>"; };
		67DCC4632D419833004ECCBB /* ViewController.swift */ = {isa = PBXFileReference; lastKnownFileType = sourcecode.swift; path = ViewController.swift; sourceTree = "<group>"; };
		67DCC4662D419833004ECCBB /* Base */ = {isa = PBXFileReference; lastKnownFileType = file.storyboard; name = Base; path = Base.lproj/Main.storyboard; sourceTree = "<group>"; };
		67DCC4682D419834004ECCBB /* Assets.xcassets */ = {isa = PBXFileReference; lastKnownFileType = folder.assetcatalog; path = Assets.xcassets; sourceTree = "<group>"; };
		67DCC46B2D419834004ECCBB /* Base */ = {isa = PBXFileReference; lastKnownFileType = file.storyboard; name = Base; path = Base.lproj/LaunchScreen.storyboard; sourceTree = "<group>"; };
		67DCC46D2D419834004ECCBB /* Info.plist */ = {isa = PBXFileReference; lastKnownFileType = text.plist.xml; path = Info.plist; sourceTree = "<group>"; };
		67DCC4722D419834004ECCBB /* GoodByeAppTests.xctest */ = {isa = PBXFileReference; explicitFileType = wrapper.cfbundle; includeInIndex = 0; path = GoodByeAppTests.xctest; sourceTree = BUILT_PRODUCTS_DIR; };
		67DCC4762D419834004ECCBB /* GoodByeAppTests.swift */ = {isa = PBXFileReference; lastKnownFileType = sourcecode.swift; path = GoodByeAppTests.swift; sourceTree = "<group>"; };
		67DCC47C2D419834004ECCBB /* GoodByeAppUITests.xctest */ = {isa = PBXFileReference; explicitFileType = wrapper.cfbundle; includeInIndex = 0; path = GoodByeAppUITests.xctest; sourceTree = BUILT_PRODUCTS_DIR; };
		67DCC4802D419834004ECCBB /* GoodByeAppUITests.swift */ = {isa = PBXFileReference; lastKnownFileType = sourcecode.swift; path = GoodByeAppUITests.swift; sourceTree = "<group>"; };
		67DCC4822D419834004ECCBB /* GoodByeAppUITestsLaunchTests.swift */ = {isa = PBXFileReference; lastKnownFileType = sourcecode.swift; path = GoodByeAppUITestsLaunchTests.swift; sourceTree = "<group>"; };
/* End PBXFileReference section */

/* Begin PBXFrameworksBuildPhase section */
		67DCC4592D419833004ECCBB /* Frameworks */ = {
			isa = PBXFrameworksBuildPhase;
			buildActionMask = 2147483647;
			files = (
			);
			runOnlyForDeploymentPostprocessing = 0;
		};
		67DCC46F2D419834004ECCBB /* Frameworks */ = {
			isa = PBXFrameworksBuildPhase;
			buildActionMask = 2147483647;
			files = (
			);
			runOnlyForDeploymentPostprocessing = 0;
		};
		67DCC4792D419834004ECCBB /* Frameworks */ = {
			isa = PBXFrameworksBuildPhase;
			buildActionMask = 2147483647;
			files = (
			);
			runOnlyForDeploymentPostprocessing = 0;
		};
/* End PBXFrameworksBuildPhase section */

/* Begin PBXGroup section */
		67DCC4532D419833004ECCBB = {
			isa = PBXGroup;
			children = (
				67DCC45E2D419833004ECCBB /* GoodByeApp */,
				67DCC4752D419834004ECCBB /* GoodByeAppTests */,
				67DCC47F2D419834004ECCBB /* GoodByeAppUITests */,
				67DCC45D2D419833004ECCBB /* Products */,
			);
			sourceTree = "<group>";
		};
		67DCC45D2D419833004ECCBB /* Products */ = {
			isa = PBXGroup;
			children = (
				67DCC45C2D419833004ECCBB /* GoodByeApp.app */,
				67DCC4722D419834004ECCBB /* GoodByeAppTests.xctest */,
				67DCC47C2D419834004ECCBB /* GoodByeAppUITests.xctest */,
			);
			name = Products;
			sourceTree = "<group>";
		};
		67DCC45E2D419833004ECCBB /* GoodByeApp */ = {
			isa = PBXGroup;
			children = (
				67DCC45F2D419833004ECCBB /* AppDelegate.swift */,
				67DCC4612D419833004ECCBB /* SceneDelegate.swift */,
				67DCC4632D419833004ECCBB /* ViewController.swift */,
				67DCC4652D419833004ECCBB /* Main.storyboard */,
				67DCC4682D419834004ECCBB /* Assets.xcassets */,
				67DCC46A2D419834004ECCBB /* LaunchScreen.storyboard */,
				67DCC46D2D419834004ECCBB /* Info.plist */,
			);
			path = GoodByeApp;
			sourceTree = "<group>";
		};
		67DCC4752D419834004ECCBB /* GoodByeAppTests */ = {
			isa = PBXGroup;
			children = (
				67DCC4762D419834004ECCBB /* GoodByeAppTests.swift */,
			);
			path = GoodByeAppTests;
			sourceTree = "<group>";
		};
		67DCC47F2D419834004ECCBB /* GoodByeAppUITests */ = {
			isa = PBXGroup;
			children = (
				67DCC4802D419834004ECCBB /* GoodByeAppUITests.swift */,
				67DCC4822D419834004ECCBB /* GoodByeAppUITestsLaunchTests.swift */,
			);
			path = GoodByeAppUITests;
			sourceTree = "<group>";
		};
/* End PBXGroup section */

/* Begin PBXNativeTarget section */
		67DCC45B2D419833004ECCBB /* GoodByeApp */ = {
			isa = PBXNativeTarget;
			buildConfigurationList = 67DCC4862D419834004ECCBB /* Build configuration list for PBXNativeTarget "GoodByeApp" */;
			buildPhases = (
				67DCC4582D419833004ECCBB /* Sources */,
				67DCC4592D419833004ECCBB /* Frameworks */,
				67DCC45A2D419833004ECCBB /* Resources */,
			);
			buildRules = (
			);
			dependencies = (
			);
			name = GoodByeApp;
			productName = GoodByeApp;
			productReference = 67DCC45C2D419833004ECCBB /* GoodByeApp.app */;
			productType = "com.apple.product-type.application";
		};
		67DCC4712D419834004ECCBB /* GoodByeAppTests */ = {
			isa = PBXNativeTarget;
			buildConfigurationList = 67DCC4892D419834004ECCBB /* Build configuration list for PBXNativeTarget "GoodByeAppTests" */;
			buildPhases = (
				67DCC46E2D419834004ECCBB /* Sources */,
				67DCC46F2D419834004ECCBB /* Frameworks */,
				67DCC4702D419834004ECCBB /* Resources */,
			);
			buildRules = (
			);
			dependencies = (
				67DCC4742D419834004ECCBB /* PBXTargetDependency */,
			);
			name = GoodByeAppTests;
			productName = GoodByeAppTests;
			productReference = 67DCC4722D419834004ECCBB /* GoodByeAppTests.xctest */;
			productType = "com.apple.product-type.bundle.unit-test";
		};
		67DCC47B2D419834004ECCBB /* GoodByeAppUITests */ = {
			isa = PBXNativeTarget;
			buildConfigurationList = 67DCC48C2D419834004ECCBB /* Build configuration list for PBXNativeTarget "GoodByeAppUITests" */;
			buildPhases = (
				67DCC4782D419834004ECCBB /* Sources */,
				67DCC4792D419834004ECCBB /* Frameworks */,
				67DCC47A2D419834004ECCBB /* Resources */,
			);
			buildRules = (
			);
			dependencies = (
				67DCC47E2D419834004ECCBB /* PBXTargetDependency */,
			);
			name = GoodByeAppUITests;
			productName = GoodByeAppUITests;
			productReference = 67DCC47C2D419834004ECCBB /* GoodByeAppUITests.xctest */;
			productType = "com.apple.product-type.bundle.ui-testing";
		};
/* End PBXNativeTarget section */

/* Begin PBXProject section */
		67DCC4542D419833004ECCBB /* Project object */ = {
			isa = PBXProject;
			attributes = {
				BuildIndependentTargetsInParallel = 1;
				LastSwiftUpdateCheck = 1540;
				LastUpgradeCheck = 1540;
				TargetAttributes = {
					67DCC45B2D419833004ECCBB = {
						CreatedOnToolsVersion = 15.4;
					};
					67DCC4712D419834004ECCBB = {
						CreatedOnToolsVersion = 15.4;
						TestTargetID = 67DCC45B2D419833004ECCBB;
					};
					67DCC47B2D419834004ECCBB = {
						CreatedOnToolsVersion = 15.4;
						TestTargetID = 67DCC45B2D419833004ECCBB;
					};
				};
			};
			buildConfigurationList = 67DCC4572D419833004ECCBB /* Build configuration list for PBXProject "GoodByeApp" */;
			compatibilityVersion = "Xcode 14.0";
			developmentRegion = en;
			hasScannedForEncodings = 0;
			knownRegions = (
				en,
				Base,
			);
			mainGroup = 67DCC4532D419833004ECCBB;
			productRefGroup = 67DCC45D2D419833004ECCBB /* Products */;
			projectDirPath = "";
			projectRoot = "";
			targets = (
				67DCC45B2D419833004ECCBB /* GoodByeApp */,
				67DCC4712D419834004ECCBB /* GoodByeAppTests */,
				67DCC47B2D419834004ECCBB /* GoodByeAppUITests */,
			);
		};
/* End PBXProject section */

/* Begin PBXResourcesBuildPhase section */
		67DCC45A2D419833004ECCBB /* Resources */ = {
			isa = PBXResourcesBuildPhase;
			buildActionMask = 2147483647;
			files = (
				67DCC4692D419834004ECCBB /* Assets.xcassets in Resources */,
				67DCC46C2D419834004ECCBB /* Base in Resources */,
				67DCC4672D419833004ECCBB /* Base in Resources */,
			);
			runOnlyForDeploymentPostprocessing = 0;
		};
		67DCC4702D419834004ECCBB /* Resources */ = {
			isa = PBXResourcesBuildPhase;
			buildActionMask = 2147483647;
			files = (
			);
			runOnlyForDeploymentPostprocessing = 0;
		};
		67DCC47A2D419834004ECCBB /* Resources */ = {
			isa = PBXResourcesBuildPhase;
			buildActionMask = 2147483647;
			files = (
			);
			runOnlyForDeploymentPostprocessing = 0;
		};
/* End PBXResourcesBuildPhase section */

/* Begin PBXSourcesBuildPhase section */
		67DCC4582D419833004ECCBB /* Sources */ = {
			isa = PBXSourcesBuildPhase;
			buildActionMask = 2147483647;
			files = (
				67DCC4642D419833004ECCBB /* ViewController.swift in Sources */,
				67DCC4602D419833004ECCBB /* AppDelegate.swift in Sources */,
				67DCC4622D419833004ECCBB /* SceneDelegate.swift in Sources */,
			);
			runOnlyForDeploymentPostprocessing = 0;
		};
		67DCC46E2D419834004ECCBB /* Sources */ = {
			isa = PBXSourcesBuildPhase;
			buildActionMask = 2147483647;
			files = (
				67DCC4772D419834004ECCBB /* GoodByeAppTests.swift in Sources */,
			);
			runOnlyForDeploymentPostprocessing = 0;
		};
		67DCC4782D419834004ECCBB /* Sources */ = {
			isa = PBXSourcesBuildPhase;
			buildActionMask = 2147483647;
			files = (
				67DCC4832D419834004ECCBB /* GoodByeAppUITestsLaunchTests.swift in Sources */,
				67DCC4812D419834004ECCBB /* GoodByeAppUITests.swift in Sources */,
			);
			runOnlyForDeploymentPostprocessing = 0;
		};
/* End PBXSourcesBuildPhase section */

/* Begin PBXTargetDependency section */
		67DCC4742D419834004ECCBB /* PBXTargetDependency */ = {
			isa = PBXTargetDependency;
			target = 67DCC45B2D419833004ECCBB /* GoodByeApp */;
			targetProxy = 67DCC4732D419834004ECCBB /* PBXContainerItemProxy */;
		};
		67DCC47E2D419834004ECCBB /* PBXTargetDependency */ = {
			isa = PBXTargetDependency;
			target = 67DCC45B2D419833004ECCBB /* GoodByeApp */;
			targetProxy = 67DCC47D2D419834004ECCBB /* PBXContainerItemProxy */;
		};
/* End PBXTargetDependency section */

/* Begin PBXVariantGroup section */
		67DCC4652D419833004ECCBB /* Main.storyboard */ = {
			isa = PBXVariantGroup;
			children = (
				67DCC4662D419833004ECCBB /* Base */,
			);
			name = Main.storyboard;
			sourceTree = "<group>";
		};
		67DCC46A2D419834004ECCBB /* LaunchScreen.storyboard */ = {
			isa = PBXVariantGroup;
			children = (
				67DCC46B2D419834004ECCBB /* Base */,
			);
			name = LaunchScreen.storyboard;
			sourceTree = "<group>";
		};
/* End PBXVariantGroup section */

/* Begin XCBuildConfiguration section */
		67DCC4842D419834004ECCBB /* Debug */ = {
			isa = XCBuildConfiguration;
			buildSettings = {
				ALWAYS_SEARCH_USER_PATHS = NO;
				ASSETCATALOG_COMPILER_GENERATE_SWIFT_ASSET_SYMBOL_EXTENSIONS = YES;
				CLANG_ANALYZER_NONNULL = YES;
				CLANG_ANALYZER_NUMBER_OBJECT_CONVERSION = YES_AGGRESSIVE;
				CLANG_CXX_LANGUAGE_STANDARD = "gnu++20";
				CLANG_ENABLE_MODULES = YES;
				CLANG_ENABLE_OBJC_ARC = YES;
				CLANG_ENABLE_OBJC_WEAK = YES;
				CLANG_WARN_BLOCK_CAPTURE_AUTORELEASING = YES;
				CLANG_WARN_BOOL_CONVERSION = YES;
				CLANG_WARN_COMMA = YES;
				CLANG_WARN_CONSTANT_CONVERSION = YES;
				CLANG_WARN_DEPRECATED_OBJC_IMPLEMENTATIONS = YES;
				CLANG_WARN_DIRECT_OBJC_ISA_USAGE = YES_ERROR;
				CLANG_WARN_DOCUMENTATION_COMMENTS = YES;
				CLANG_WARN_EMPTY_BODY = YES;
				CLANG_WARN_ENUM_CONVERSION = YES;
				CLANG_WARN_INFINITE_RECURSION = YES;
				CLANG_WARN_INT_CONVERSION = YES;
				CLANG_WARN_NON_LITERAL_NULL_CONVERSION = YES;
				CLANG_WARN_OBJC_IMPLICIT_RETAIN_SELF = YES;
				CLANG_WARN_OBJC_LITERAL_CONVERSION = YES;
				CLANG_WARN_OBJC_ROOT_CLASS = YES_ERROR;
				CLANG_WARN_QUOTED_INCLUDE_IN_FRAMEWORK_HEADER = YES;
				CLANG_WARN_RANGE_LOOP_ANALYSIS = YES;
				CLANG_WARN_STRICT_PROTOTYPES = YES;
				CLANG_WARN_SUSPICIOUS_MOVE = YES;
				CLANG_WARN_UNGUARDED_AVAILABILITY = YES_AGGRESSIVE;
				CLANG_WARN_UNREACHABLE_CODE = YES;
				CLANG_WARN__DUPLICATE_METHOD_MATCH = YES;
				COPY_PHASE_STRIP = NO;
				DEBUG_INFORMATION_FORMAT = dwarf;
				ENABLE_STRICT_OBJC_MSGSEND = YES;
				ENABLE_TESTABILITY = YES;
				ENABLE_USER_SCRIPT_SANDBOXING = YES;
				GCC_C_LANGUAGE_STANDARD = gnu17;
				GCC_DYNAMIC_NO_PIC = NO;
				GCC_NO_COMMON_BLOCKS = YES;
				GCC_OPTIMIZATION_LEVEL = 0;
				GCC_PREPROCESSOR_DEFINITIONS = (
					"DEBUG=1",
					"$(inherited)",
				);
				GCC_WARN_64_TO_32_BIT_CONVERSION = YES;
				GCC_WARN_ABOUT_RETURN_TYPE = YES_ERROR;
				GCC_WARN_UNDECLARED_SELECTOR = YES;
				GCC_WARN_UNINITIALIZED_AUTOS = YES_AGGRESSIVE;
				GCC_WARN_UNUSED_FUNCTION = YES;
				GCC_WARN_UNUSED_VARIABLE = YES;
				IPHONEOS_DEPLOYMENT_TARGET = 17.5;
				LOCALIZATION_PREFERS_STRING_CATALOGS = YES;
				MTL_ENABLE_DEBUG_INFO = INCLUDE_SOURCE;
				MTL_FAST_MATH = YES;
				ONLY_ACTIVE_ARCH = YES;
				SDKROOT = iphoneos;
				SWIFT_ACTIVE_COMPILATION_CONDITIONS = "DEBUG $(inherited)";
				SWIFT_OPTIMIZATION_LEVEL = "-Onone";
			};
			name = Debug;
		};
		67DCC4852D419834004ECCBB /* Release */ = {
			isa = XCBuildConfiguration;
			buildSettings = {
				ALWAYS_SEARCH_USER_PATHS = NO;
				ASSETCATALOG_COMPILER_GENERATE_SWIFT_ASSET_SYMBOL_EXTENSIONS = YES;
				CLANG_ANALYZER_NONNULL = YES;
				CLANG_ANALYZER_NUMBER_OBJECT_CONVERSION = YES_AGGRESSIVE;
				CLANG_CXX_LANGUAGE_STANDARD = "gnu++20";
				CLANG_ENABLE_MODULES = YES;
				CLANG_ENABLE_OBJC_ARC = YES;
				CLANG_ENABLE_OBJC_WEAK = YES;
				CLANG_WARN_BLOCK_CAPTURE_AUTORELEASING = YES;
				CLANG_WARN_BOOL_CONVERSION = YES;
				CLANG_WARN_COMMA = YES;
				CLANG_WARN_CONSTANT_CONVERSION = YES;
				CLANG_WARN_DEPRECATED_OBJC_IMPLEMENTATIONS = YES;
				CLANG_WARN_DIRECT_OBJC_ISA_USAGE = YES_ERROR;
				CLANG_WARN_DOCUMENTATION_COMMENTS = YES;
				CLANG_WARN_EMPTY_BODY = YES;
				CLANG_WARN_ENUM_CONVERSION = YES;
				CLANG_WARN_INFINITE_RECURSION = YES;
				CLANG_WARN_INT_CONVERSION = YES;
				CLANG_WARN_NON_LITERAL_NULL_CONVERSION = YES;
				CLANG_WARN_OBJC_IMPLICIT_RETAIN_SELF = YES;
				CLANG_WARN_OBJC_LITERAL_CONVERSION = YES;
				CLANG_WARN_OBJC_ROOT_CLASS = YES_ERROR;
				CLANG_WARN_QUOTED_INCLUDE_IN_FRAMEWORK_HEADER = YES;
				CLANG_WARN_RANGE_LOOP_ANALYSIS = YES;
				CLANG_WARN_STRICT_PROTOTYPES = YES;
				CLANG_WARN_SUSPICIOUS_MOVE = YES;
				CLANG_WARN_UNGUARDED_AVAILABILITY = YES_AGGRESSIVE;
				CLANG_WARN_UNREACHABLE_CODE = YES;
				CLANG_WARN__DUPLICATE_METHOD_MATCH = YES;
				COPY_PHASE_STRIP = NO;
				DEBUG_INFORMATION_FORMAT = "dwarf-with-dsym";
				ENABLE_NS_ASSERTIONS = NO;
				ENABLE_STRICT_OBJC_MSGSEND = YES;
				ENABLE_USER_SCRIPT_SANDBOXING = YES;
				GCC_C_LANGUAGE_STANDARD = gnu17;
				GCC_NO_COMMON_BLOCKS = YES;
				GCC_WARN_64_TO_32_BIT_CONVERSION = YES;
				GCC_WARN_ABOUT_RETURN_TYPE = YES_ERROR;
				GCC_WARN_UNDECLARED_SELECTOR = YES;
				GCC_WARN_UNINITIALIZED_AUTOS = YES_AGGRESSIVE;
				GCC_WARN_UNUSED_FUNCTION = YES;
				GCC_WARN_UNUSED_VARIABLE = YES;
				IPHONEOS_DEPLOYMENT_TARGET = 17.5;
				LOCALIZATION_PREFERS_STRING_CATALOGS = YES;
				MTL_ENABLE_DEBUG_INFO = NO;
				MTL_FAST_MATH = YES;
				SDKROOT = iphoneos;
				SWIFT_COMPILATION_MODE = wholemodule;
				VALIDATE_PRODUCT = YES;
			};
			name = Release;
		};
		67DCC4872D419834004ECCBB /* Debug */ = {
			isa = XCBuildConfiguration;
			buildSettings = {
				ASSETCATALOG_COMPILER_APPICON_NAME = AppIcon;
				ASSETCATALOG_COMPILER_GLOBAL_ACCENT_COLOR_NAME = AccentColor;
				CODE_SIGN_STYLE = Automatic;
				CURRENT_PROJECT_VERSION = 1;
				GENERATE_INFOPLIST_FILE = YES;
				INFOPLIST_FILE = GoodByeApp/Info.plist;
				INFOPLIST_KEY_UIApplicationSupportsIndirectInputEvents = YES;
				INFOPLIST_KEY_UILaunchStoryboardName = LaunchScreen;
				INFOPLIST_KEY_UIMainStoryboardFile = Main;
				INFOPLIST_KEY_UISupportedInterfaceOrientations_iPad = "UIInterfaceOrientationPortrait UIInterfaceOrientationPortraitUpsideDown UIInterfaceOrientationLandscapeLeft UIInterfaceOrientationLandscapeRight";
				INFOPLIST_KEY_UISupportedInterfaceOrientations_iPhone = "UIInterfaceOrientationPortrait UIInterfaceOrientationLandscapeLeft UIInterfaceOrientationLandscapeRight";
				IPHONEOS_DEPLOYMENT_TARGET = 15.0;
				LD_RUNPATH_SEARCH_PATHS = (
					"$(inherited)",
					"@executable_path/Frameworks",
				);
				MARKETING_VERSION = 1.0;
				PRODUCT_BUNDLE_IDENTIFIER = NWMSU.GoodByeApp;
				PRODUCT_NAME = "$(TARGET_NAME)";
				SWIFT_EMIT_LOC_STRINGS = YES;
				SWIFT_VERSION = 5.0;
				TARGETED_DEVICE_FAMILY = "1,2";
			};
			name = Debug;
		};
		67DCC4882D419834004ECCBB /* Release */ = {
			isa = XCBuildConfiguration;
			buildSettings = {
				ASSETCATALOG_COMPILER_APPICON_NAME = AppIcon;
				ASSETCATALOG_COMPILER_GLOBAL_ACCENT_COLOR_NAME = AccentColor;
				CODE_SIGN_STYLE = Automatic;
				CURRENT_PROJECT_VERSION = 1;
				GENERATE_INFOPLIST_FILE = YES;
				INFOPLIST_FILE = GoodByeApp/Info.plist;
				INFOPLIST_KEY_UIApplicationSupportsIndirectInputEvents = YES;
				INFOPLIST_KEY_UILaunchStoryboardName = LaunchScreen;
				INFOPLIST_KEY_UIMainStoryboardFile = Main;
				INFOPLIST_KEY_UISupportedInterfaceOrientations_iPad = "UIInterfaceOrientationPortrait UIInterfaceOrientationPortraitUpsideDown UIInterfaceOrientationLandscapeLeft UIInterfaceOrientationLandscapeRight";
				INFOPLIST_KEY_UISupportedInterfaceOrientations_iPhone = "UIInterfaceOrientationPortrait UIInterfaceOrientationLandscapeLeft UIInterfaceOrientationLandscapeRight";
				IPHONEOS_DEPLOYMENT_TARGET = 15.0;
				LD_RUNPATH_SEARCH_PATHS = (
					"$(inherited)",
					"@executable_path/Frameworks",
				);
				MARKETING_VERSION = 1.0;
				PRODUCT_BUNDLE_IDENTIFIER = NWMSU.GoodByeApp;
				PRODUCT_NAME = "$(TARGET_NAME)";
				SWIFT_EMIT_LOC_STRINGS = YES;
				SWIFT_VERSION = 5.0;
				TARGETED_DEVICE_FAMILY = "1,2";
			};
			name = Release;
		};
		67DCC48A2D419834004ECCBB /* Debug */ = {
			isa = XCBuildConfiguration;
			buildSettings = {
				ALWAYS_EMBED_SWIFT_STANDARD_LIBRARIES = YES;
				BUNDLE_LOADER = "$(TEST_HOST)";
				CODE_SIGN_STYLE = Automatic;
				CURRENT_PROJECT_VERSION = 1;
				GENERATE_INFOPLIST_FILE = YES;
				IPHONEOS_DEPLOYMENT_TARGET = 17.5;
				MARKETING_VERSION = 1.0;
				PRODUCT_BUNDLE_IDENTIFIER = NWMSU.GoodByeAppTests;
				PRODUCT_NAME = "$(TARGET_NAME)";
				SWIFT_EMIT_LOC_STRINGS = NO;
				SWIFT_VERSION = 5.0;
				TARGETED_DEVICE_FAMILY = "1,2";
				TEST_HOST = "$(BUILT_PRODUCTS_DIR)/GoodByeApp.app/$(BUNDLE_EXECUTABLE_FOLDER_PATH)/GoodByeApp";
			};
			name = Debug;
		};
		67DCC48B2D419834004ECCBB /* Release */ = {
			isa = XCBuildConfiguration;
			buildSettings = {
				ALWAYS_EMBED_SWIFT_STANDARD_LIBRARIES = YES;
				BUNDLE_LOADER = "$(TEST_HOST)";
				CODE_SIGN_STYLE = Automatic;
				CURRENT_PROJECT_VERSION = 1;
				GENERATE_INFOPLIST_FILE = YES;
				IPHONEOS_DEPLOYMENT_TARGET = 17.5;
				MARKETING_VERSION = 1.0;
				PRODUCT_BUNDLE_IDENTIFIER = NWMSU.GoodByeAppTests;
				PRODUCT_NAME = "$(TARGET_NAME)";
				SWIFT_EMIT_LOC_STRINGS = NO;
				SWIFT_VERSION = 5.0;
				TARGETED_DEVICE_FAMILY = "1,2";
				TEST_HOST = "$(BUILT_PRODUCTS_DIR)/GoodByeApp.app/$(BUNDLE_EXECUTABLE_FOLDER_PATH)/GoodByeApp";
			};
			name = Release;
		};
		67DCC48D2D419834004ECCBB /* Debug */ = {
			isa = XCBuildConfiguration;
			buildSettings = {
				ALWAYS_EMBED_SWIFT_STANDARD_LIBRARIES = YES;
				CODE_SIGN_STYLE = Automatic;
				CURRENT_PROJECT_VERSION = 1;
				GENERATE_INFOPLIST_FILE = YES;
				MARKETING_VERSION = 1.0;
				PRODUCT_BUNDLE_IDENTIFIER = NWMSU.GoodByeAppUITests;
				PRODUCT_NAME = "$(TARGET_NAME)";
				SWIFT_EMIT_LOC_STRINGS = NO;
				SWIFT_VERSION = 5.0;
				TARGETED_DEVICE_FAMILY = "1,2";
				TEST_TARGET_NAME = GoodByeApp;
			};
			name = Debug;
		};
		67DCC48E2D419834004ECCBB /* Release */ = {
			isa = XCBuildConfiguration;
			buildSettings = {
				ALWAYS_EMBED_SWIFT_STANDARD_LIBRARIES = YES;
				CODE_SIGN_STYLE = Automatic;
				CURRENT_PROJECT_VERSION = 1;
				GENERATE_INFOPLIST_FILE = YES;
				MARKETING_VERSION = 1.0;
				PRODUCT_BUNDLE_IDENTIFIER = NWMSU.GoodByeAppUITests;
				PRODUCT_NAME = "$(TARGET_NAME)";
				SWIFT_EMIT_LOC_STRINGS = NO;
				SWIFT_VERSION = 5.0;
				TARGETED_DEVICE_FAMILY = "1,2";
				TEST_TARGET_NAME = GoodByeApp;
			};
			name = Release;
		};
/* End XCBuildConfiguration section */

/* Begin XCConfigurationList section */
		67DCC4572D419833004ECCBB /* Build configuration list for PBXProject "GoodByeApp" */ = {
			isa = XCConfigurationList;
			buildConfigurations = (
				67DCC4842D419834004ECCBB /* Debug */,
				67DCC4852D419834004ECCBB /* Release */,
			);
			defaultConfigurationIsVisible = 0;
			defaultConfigurationName = Release;
		};
		67DCC4862D419834004ECCBB /* Build configuration list for PBXNativeTarget "GoodByeApp" */ = {
			isa = XCConfigurationList;
			buildConfigurations = (
				67DCC4872D419834004ECCBB /* Debug */,
				67DCC4882D419834004ECCBB /* Release */,
			);
			defaultConfigurationIsVisible = 0;
			defaultConfigurationName = Release;
		};
		67DCC4892D419834004ECCBB /* Build configuration list for PBXNativeTarget "GoodByeAppTests" */ = {
			isa = XCConfigurationList;
			buildConfigurations = (
				67DCC48A2D419834004ECCBB /* Debug */,
				67DCC48B2D419834004ECCBB /* Release */,
			);
			defaultConfigurationIsVisible = 0;
			defaultConfigurationName = Release;
		};
		67DCC48C2D419834004ECCBB /* Build configuration list for PBXNativeTarget "GoodByeAppUITests" */ = {
			isa = XCConfigurationList;
			buildConfigurations = (
				67DCC48D2D419834004ECCBB /* Debug */,
				67DCC48E2D419834004ECCBB /* Release */,
			);
			defaultConfigurationIsVisible = 0;
			defaultConfigurationName = Release;
		};
/* End XCConfigurationList section */
	};
	rootObject = 67DCC4542D419833004ECCBB /* Project object */;
}
