// !$*UTF8*$!
{
	archiveVersion = 1;
	classes = {
	};
	objectVersion = 77;
	objects = {

/* Begin PBXContainerItemProxy section */
		67708E042D42B7F4008B97A2 /* PBXContainerItemProxy */ = {
			isa = PBXContainerItemProxy;
			containerPortal = 67708DE52D42B7F3008B97A2 /* Project object */;
			proxyType = 1;
			remoteGlobalIDString = 67708DEC2D42B7F3008B97A2;
			remoteInfo = ClimateApp;
		};
		67708E0E2D42B7F4008B97A2 /* PBXContainerItemProxy */ = {
			isa = PBXContainerItemProxy;
			containerPortal = 67708DE52D42B7F3008B97A2 /* Project object */;
			proxyType = 1;
			remoteGlobalIDString = 67708DEC2D42B7F3008B97A2;
			remoteInfo = ClimateApp;
		};
/* End PBXContainerItemProxy section */

/* Begin PBXFileReference section */
		67708DED2D42B7F3008B97A2 /* ClimateApp.app */ = {isa = PBXFileReference; explicitFileType = wrapper.application; includeInIndex = 0; path = ClimateApp.app; sourceTree = BUILT_PRODUCTS_DIR; };
		67708E032D42B7F4008B97A2 /* ClimateAppTests.xctest */ = {isa = PBXFileReference; explicitFileType = wrapper.cfbundle; includeInIndex = 0; path = ClimateAppTests.xctest; sourceTree = BUILT_PRODUCTS_DIR; };
		67708E0D2D42B7F4008B97A2 /* ClimateAppUITests.xctest */ = {isa = PBXFileReference; explicitFileType = wrapper.cfbundle; includeInIndex = 0; path = ClimateAppUITests.xctest; sourceTree = BUILT_PRODUCTS_DIR; };
/* End PBXFileReference section */

/* Begin PBXFileSystemSynchronizedBuildFileExceptionSet section */
		67708E152D42B7F4008B97A2 /* Exceptions for "ClimateApp" folder in "ClimateApp" target */ = {
			isa = PBXFileSystemSynchronizedBuildFileExceptionSet;
			membershipExceptions = (
				Info.plist,
			);
			target = 67708DEC2D42B7F3008B97A2 /* ClimateApp */;
		};
/* End PBXFileSystemSynchronizedBuildFileExceptionSet section */

/* Begin PBXFileSystemSynchronizedRootGroup section */
		67708DEF2D42B7F3008B97A2 /* ClimateApp */ = {
			isa = PBXFileSystemSynchronizedRootGroup;
			exceptions = (
				67708E152D42B7F4008B97A2 /* Exceptions for "ClimateApp" folder in "ClimateApp" target */,
			);
			path = ClimateApp;
			sourceTree = "<group>";
		};
		67708E062D42B7F4008B97A2 /* ClimateAppTests */ = {
			isa = PBXFileSystemSynchronizedRootGroup;
			path = ClimateAppTests;
			sourceTree = "<group>";
		};
		67708E102D42B7F4008B97A2 /* ClimateAppUITests */ = {
			isa = PBXFileSystemSynchronizedRootGroup;
			path = ClimateAppUITests;
			sourceTree = "<group>";
		};
/* End PBXFileSystemSynchronizedRootGroup section */

/* Begin PBXFrameworksBuildPhase section */
		67708DEA2D42B7F3008B97A2 /* Frameworks */ = {
			isa = PBXFrameworksBuildPhase;
			buildActionMask = 2147483647;
			files = (
			);
			runOnlyForDeploymentPostprocessing = 0;
		};
		67708E002D42B7F4008B97A2 /* Frameworks */ = {
			isa = PBXFrameworksBuildPhase;
			buildActionMask = 2147483647;
			files = (
			);
			runOnlyForDeploymentPostprocessing = 0;
		};
		67708E0A2D42B7F4008B97A2 /* Frameworks */ = {
			isa = PBXFrameworksBuildPhase;
			buildActionMask = 2147483647;
			files = (
			);
			runOnlyForDeploymentPostprocessing = 0;
		};
/* End PBXFrameworksBuildPhase section */

/* Begin PBXGroup section */
		67708DE42D42B7F3008B97A2 = {
			isa = PBXGroup;
			children = (
				67708DEF2D42B7F3008B97A2 /* ClimateApp */,
				67708E062D42B7F4008B97A2 /* ClimateAppTests */,
				67708E102D42B7F4008B97A2 /* ClimateAppUITests */,
				67708DEE2D42B7F3008B97A2 /* Products */,
			);
			sourceTree = "<group>";
		};
		67708DEE2D42B7F3008B97A2 /* Products */ = {
			isa = PBXGroup;
			children = (
				67708DED2D42B7F3008B97A2 /* ClimateApp.app */,
				67708E032D42B7F4008B97A2 /* ClimateAppTests.xctest */,
				67708E0D2D42B7F4008B97A2 /* ClimateAppUITests.xctest */,
			);
			name = Products;
			sourceTree = "<group>";
		};
/* End PBXGroup section */

/* Begin PBXNativeTarget section */
		67708DEC2D42B7F3008B97A2 /* ClimateApp */ = {
			isa = PBXNativeTarget;
			buildConfigurationList = 67708E162D42B7F4008B97A2 /* Build configuration list for PBXNativeTarget "ClimateApp" */;
			buildPhases = (
				67708DE92D42B7F3008B97A2 /* Sources */,
				67708DEA2D42B7F3008B97A2 /* Frameworks */,
				67708DEB2D42B7F3008B97A2 /* Resources */,
			);
			buildRules = (
			);
			dependencies = (
			);
			fileSystemSynchronizedGroups = (
				67708DEF2D42B7F3008B97A2 /* ClimateApp */,
			);
			name = ClimateApp;
			packageProductDependencies = (
			);
			productName = ClimateApp;
			productReference = 67708DED2D42B7F3008B97A2 /* ClimateApp.app */;
			productType = "com.apple.product-type.application";
		};
		67708E022D42B7F4008B97A2 /* ClimateAppTests */ = {
			isa = PBXNativeTarget;
			buildConfigurationList = 67708E1B2D42B7F4008B97A2 /* Build configuration list for PBXNativeTarget "ClimateAppTests" */;
			buildPhases = (
				67708DFF2D42B7F4008B97A2 /* Sources */,
				67708E002D42B7F4008B97A2 /* Frameworks */,
				67708E012D42B7F4008B97A2 /* Resources */,
			);
			buildRules = (
			);
			dependencies = (
				67708E052D42B7F4008B97A2 /* PBXTargetDependency */,
			);
			fileSystemSynchronizedGroups = (
				67708E062D42B7F4008B97A2 /* ClimateAppTests */,
			);
			name = ClimateAppTests;
			packageProductDependencies = (
			);
			productName = ClimateAppTests;
			productReference = 67708E032D42B7F4008B97A2 /* ClimateAppTests.xctest */;
			productType = "com.apple.product-type.bundle.unit-test";
		};
		67708E0C2D42B7F4008B97A2 /* ClimateAppUITests */ = {
			isa = PBXNativeTarget;
			buildConfigurationList = 67708E1E2D42B7F4008B97A2 /* Build configuration list for PBXNativeTarget "ClimateAppUITests" */;
			buildPhases = (
				67708E092D42B7F4008B97A2 /* Sources */,
				67708E0A2D42B7F4008B97A2 /* Frameworks */,
				67708E0B2D42B7F4008B97A2 /* Resources */,
			);
			buildRules = (
			);
			dependencies = (
				67708E0F2D42B7F4008B97A2 /* PBXTargetDependency */,
			);
			fileSystemSynchronizedGroups = (
				67708E102D42B7F4008B97A2 /* ClimateAppUITests */,
			);
			name = ClimateAppUITests;
			packageProductDependencies = (
			);
			productName = ClimateAppUITests;
			productReference = 67708E0D2D42B7F4008B97A2 /* ClimateAppUITests.xctest */;
			productType = "com.apple.product-type.bundle.ui-testing";
		};
/* End PBXNativeTarget section */

/* Begin PBXProject section */
		67708DE52D42B7F3008B97A2 /* Project object */ = {
			isa = PBXProject;
			attributes = {
				BuildIndependentTargetsInParallel = 1;
				LastSwiftUpdateCheck = 1620;
				LastUpgradeCheck = 1620;
				TargetAttributes = {
					67708DEC2D42B7F3008B97A2 = {
						CreatedOnToolsVersion = 16.2;
					};
					67708E022D42B7F4008B97A2 = {
						CreatedOnToolsVersion = 16.2;
						TestTargetID = 67708DEC2D42B7F3008B97A2;
					};
					67708E0C2D42B7F4008B97A2 = {
						CreatedOnToolsVersion = 16.2;
						TestTargetID = 67708DEC2D42B7F3008B97A2;
					};
				};
			};
			buildConfigurationList = 67708DE82D42B7F3008B97A2 /* Build configuration list for PBXProject "ClimateApp" */;
			developmentRegion = en;
			hasScannedForEncodings = 0;
			knownRegions = (
				en,
				Base,
			);
			mainGroup = 67708DE42D42B7F3008B97A2;
			minimizedProjectReferenceProxies = 1;
			preferredProjectObjectVersion = 77;
			productRefGroup = 67708DEE2D42B7F3008B97A2 /* Products */;
			projectDirPath = "";
			projectRoot = "";
			targets = (
				67708DEC2D42B7F3008B97A2 /* ClimateApp */,
				67708E022D42B7F4008B97A2 /* ClimateAppTests */,
				67708E0C2D42B7F4008B97A2 /* ClimateAppUITests */,
			);
		};
/* End PBXProject section */

/* Begin PBXResourcesBuildPhase section */
		67708DEB2D42B7F3008B97A2 /* Resources */ = {
			isa = PBXResourcesBuildPhase;
			buildActionMask = 2147483647;
			files = (
			);
			runOnlyForDeploymentPostprocessing = 0;
		};
		67708E012D42B7F4008B97A2 /* Resources */ = {
			isa = PBXResourcesBuildPhase;
			buildActionMask = 2147483647;
			files = (
			);
			runOnlyForDeploymentPostprocessing = 0;
		};
		67708E0B2D42B7F4008B97A2 /* Resources */ = {
			isa = PBXResourcesBuildPhase;
			buildActionMask = 2147483647;
			files = (
			);
			runOnlyForDeploymentPostprocessing = 0;
		};
/* End PBXResourcesBuildPhase section */

/* Begin PBXSourcesBuildPhase section */
		67708DE92D42B7F3008B97A2 /* Sources */ = {
			isa = PBXSourcesBuildPhase;
			buildActionMask = 2147483647;
			files = (
			);
			runOnlyForDeploymentPostprocessing = 0;
		};
		67708DFF2D42B7F4008B97A2 /* Sources */ = {
			isa = PBXSourcesBuildPhase;
			buildActionMask = 2147483647;
			files = (
			);
			runOnlyForDeploymentPostprocessing = 0;
		};
		67708E092D42B7F4008B97A2 /* Sources */ = {
			isa = PBXSourcesBuildPhase;
			buildActionMask = 2147483647;
			files = (
			);
			runOnlyForDeploymentPostprocessing = 0;
		};
/* End PBXSourcesBuildPhase section */

/* Begin PBXTargetDependency section */
		67708E052D42B7F4008B97A2 /* PBXTargetDependency */ = {
			isa = PBXTargetDependency;
			target = 67708DEC2D42B7F3008B97A2 /* ClimateApp */;
			targetProxy = 67708E042D42B7F4008B97A2 /* PBXContainerItemProxy */;
		};
		67708E0F2D42B7F4008B97A2 /* PBXTargetDependency */ = {
			isa = PBXTargetDependency;
			target = 67708DEC2D42B7F3008B97A2 /* ClimateApp */;
			targetProxy = 67708E0E2D42B7F4008B97A2 /* PBXContainerItemProxy */;
		};
/* End PBXTargetDependency section */

/* Begin XCBuildConfiguration section */
		67708E172D42B7F4008B97A2 /* Debug */ = {
			isa = XCBuildConfiguration;
			buildSettings = {
				ASSETCATALOG_COMPILER_APPICON_NAME = AppIcon;
				ASSETCATALOG_COMPILER_GLOBAL_ACCENT_COLOR_NAME = AccentColor;
				CODE_SIGN_STYLE = Automatic;
				CURRENT_PROJECT_VERSION = 1;
				GENERATE_INFOPLIST_FILE = YES;
				INFOPLIST_FILE = ClimateApp/Info.plist;
				INFOPLIST_KEY_UIApplicationSupportsIndirectInputEvents = YES;
				INFOPLIST_KEY_UILaunchStoryboardName = LaunchScreen;
				INFOPLIST_KEY_UIMainStoryboardFile = Main;
				INFOPLIST_KEY_UISupportedInterfaceOrientations_iPad = "UIInterfaceOrientationPortrait UIInterfaceOrientationPortraitUpsideDown UIInterfaceOrientationLandscapeLeft UIInterfaceOrientationLandscapeRight";
				INFOPLIST_KEY_UISupportedInterfaceOrientations_iPhone = "UIInterfaceOrientationPortrait UIInterfaceOrientationLandscapeLeft UIInterfaceOrientationLandscapeRight";
				IPHONEOS_DEPLOYMENT_TARGET = 15.0;
				LD_RUNPATH_SEARCH_PATHS = (
					"$(inherited)",
					"@executable_path/Frameworks",
				);
				MARKETING_VERSION = 1.0;
				PRODUCT_BUNDLE_IDENTIFIER = NMSU.ClimateApp;
				PRODUCT_NAME = "$(TARGET_NAME)";
				SWIFT_EMIT_LOC_STRINGS = YES;
				SWIFT_VERSION = 5.0;
				TARGETED_DEVICE_FAMILY = "1,2";
			};
			name = Debug;
		};
		67708E182D42B7F4008B97A2 /* Release */ = {
			isa = XCBuildConfiguration;
			buildSettings = {
				ASSETCATALOG_COMPILER_APPICON_NAME = AppIcon;
				ASSETCATALOG_COMPILER_GLOBAL_ACCENT_COLOR_NAME = AccentColor;
				CODE_SIGN_STYLE = Automatic;
				CURRENT_PROJECT_VERSION = 1;
				GENERATE_INFOPLIST_FILE = YES;
				INFOPLIST_FILE = ClimateApp/Info.plist;
				INFOPLIST_KEY_UIApplicationSupportsIndirectInputEvents = YES;
				INFOPLIST_KEY_UILaunchStoryboardName = LaunchScreen;
				INFOPLIST_KEY_UIMainStoryboardFile = Main;
				INFOPLIST_KEY_UISupportedInterfaceOrientations_iPad = "UIInterfaceOrientationPortrait UIInterfaceOrientationPortraitUpsideDown UIInterfaceOrientationLandscapeLeft UIInterfaceOrientationLandscapeRight";
				INFOPLIST_KEY_UISupportedInterfaceOrientations_iPhone = "UIInterfaceOrientationPortrait UIInterfaceOrientationLandscapeLeft UIInterfaceOrientationLandscapeRight";
				IPHONEOS_DEPLOYMENT_TARGET = 15.0;
				LD_RUNPATH_SEARCH_PATHS = (
					"$(inherited)",
					"@executable_path/Frameworks",
				);
				MARKETING_VERSION = 1.0;
				PRODUCT_BUNDLE_IDENTIFIER = NMSU.ClimateApp;
				PRODUCT_NAME = "$(TARGET_NAME)";
				SWIFT_EMIT_LOC_STRINGS = YES;
				SWIFT_VERSION = 5.0;
				TARGETED_DEVICE_FAMILY = "1,2";
			};
			name = Release;
		};
		67708E192D42B7F4008B97A2 /* Debug */ = {
			isa = XCBuildConfiguration;
			buildSettings = {
				ALWAYS_SEARCH_USER_PATHS = NO;
				ASSETCATALOG_COMPILER_GENERATE_SWIFT_ASSET_SYMBOL_EXTENSIONS = YES;
				CLANG_ANALYZER_NONNULL = YES;
				CLANG_ANALYZER_NUMBER_OBJECT_CONVERSION = YES_AGGRESSIVE;
				CLANG_CXX_LANGUAGE_STANDARD = "gnu++20";
				CLANG_ENABLE_MODULES = YES;
				CLANG_ENABLE_OBJC_ARC = YES;
				CLANG_ENABLE_OBJC_WEAK = YES;
				CLANG_WARN_BLOCK_CAPTURE_AUTORELEASING = YES;
				CLANG_WARN_BOOL_CONVERSION = YES;
				CLANG_WARN_COMMA = YES;
				CLANG_WARN_CONSTANT_CONVERSION = YES;
				CLANG_WARN_DEPRECATED_OBJC_IMPLEMENTATIONS = YES;
				CLANG_WARN_DIRECT_OBJC_ISA_USAGE = YES_ERROR;
				CLANG_WARN_DOCUMENTATION_COMMENTS = YES;
				CLANG_WARN_EMPTY_BODY = YES;
				CLANG_WARN_ENUM_CONVERSION = YES;
				CLANG_WARN_INFINITE_RECURSION = YES;
				CLANG_WARN_INT_CONVERSION = YES;
				CLANG_WARN_NON_LITERAL_NULL_CONVERSION = YES;
				CLANG_WARN_OBJC_IMPLICIT_RETAIN_SELF = YES;
				CLANG_WARN_OBJC_LITERAL_CONVERSION = YES;
				CLANG_WARN_OBJC_ROOT_CLASS = YES_ERROR;
				CLANG_WARN_QUOTED_INCLUDE_IN_FRAMEWORK_HEADER = YES;
				CLANG_WARN_RANGE_LOOP_ANALYSIS = YES;
				CLANG_WARN_STRICT_PROTOTYPES = YES;
				CLANG_WARN_SUSPICIOUS_MOVE = YES;
				CLANG_WARN_UNGUARDED_AVAILABILITY = YES_AGGRESSIVE;
				CLANG_WARN_UNREACHABLE_CODE = YES;
				CLANG_WARN__DUPLICATE_METHOD_MATCH = YES;
				COPY_PHASE_STRIP = NO;
				DEBUG_INFORMATION_FORMAT = dwarf;
				ENABLE_STRICT_OBJC_MSGSEND = YES;
				ENABLE_TESTABILITY = YES;
				ENABLE_USER_SCRIPT_SANDBOXING = YES;
				GCC_C_LANGUAGE_STANDARD = gnu17;
				GCC_DYNAMIC_NO_PIC = NO;
				GCC_NO_COMMON_BLOCKS = YES;
				GCC_OPTIMIZATION_LEVEL = 0;
				GCC_PREPROCESSOR_DEFINITIONS = (
					"DEBUG=1",
					"$(inherited)",
				);
				GCC_WARN_64_TO_32_BIT_CONVERSION = YES;
				GCC_WARN_ABOUT_RETURN_TYPE = YES_ERROR;
				GCC_WARN_UNDECLARED_SELECTOR = YES;
				GCC_WARN_UNINITIALIZED_AUTOS = YES_AGGRESSIVE;
				GCC_WARN_UNUSED_FUNCTION = YES;
				GCC_WARN_UNUSED_VARIABLE = YES;
				IPHONEOS_DEPLOYMENT_TARGET = 18.2;
				LOCALIZATION_PREFERS_STRING_CATALOGS = YES;
				MTL_ENABLE_DEBUG_INFO = INCLUDE_SOURCE;
				MTL_FAST_MATH = YES;
				ONLY_ACTIVE_ARCH = YES;
				SDKROOT = iphoneos;
				SWIFT_ACTIVE_COMPILATION_CONDITIONS = "DEBUG $(inherited)";
				SWIFT_OPTIMIZATION_LEVEL = "-Onone";
			};
			name = Debug;
		};
		67708E1A2D42B7F4008B97A2 /* Release */ = {
			isa = XCBuildConfiguration;
			buildSettings = {
				ALWAYS_SEARCH_USER_PATHS = NO;
				ASSETCATALOG_COMPILER_GENERATE_SWIFT_ASSET_SYMBOL_EXTENSIONS = YES;
				CLANG_ANALYZER_NONNULL = YES;
				CLANG_ANALYZER_NUMBER_OBJECT_CONVERSION = YES_AGGRESSIVE;
				CLANG_CXX_LANGUAGE_STANDARD = "gnu++20";
				CLANG_ENABLE_MODULES = YES;
				CLANG_ENABLE_OBJC_ARC = YES;
				CLANG_ENABLE_OBJC_WEAK = YES;
				CLANG_WARN_BLOCK_CAPTURE_AUTORELEASING = YES;
				CLANG_WARN_BOOL_CONVERSION = YES;
				CLANG_WARN_COMMA = YES;
				CLANG_WARN_CONSTANT_CONVERSION = YES;
				CLANG_WARN_DEPRECATED_OBJC_IMPLEMENTATIONS = YES;
				CLANG_WARN_DIRECT_OBJC_ISA_USAGE = YES_ERROR;
				CLANG_WARN_DOCUMENTATION_COMMENTS = YES;
				CLANG_WARN_EMPTY_BODY = YES;
				CLANG_WARN_ENUM_CONVERSION = YES;
				CLANG_WARN_INFINITE_RECURSION = YES;
				CLANG_WARN_INT_CONVERSION = YES;
				CLANG_WARN_NON_LITERAL_NULL_CONVERSION = YES;
				CLANG_WARN_OBJC_IMPLICIT_RETAIN_SELF = YES;
				CLANG_WARN_OBJC_LITERAL_CONVERSION = YES;
				CLANG_WARN_OBJC_ROOT_CLASS = YES_ERROR;
				CLANG_WARN_QUOTED_INCLUDE_IN_FRAMEWORK_HEADER = YES;
				CLANG_WARN_RANGE_LOOP_ANALYSIS = YES;
				CLANG_WARN_STRICT_PROTOTYPES = YES;
				CLANG_WARN_SUSPICIOUS_MOVE = YES;
				CLANG_WARN_UNGUARDED_AVAILABILITY = YES_AGGRESSIVE;
				CLANG_WARN_UNREACHABLE_CODE = YES;
				CLANG_WARN__DUPLICATE_METHOD_MATCH = YES;
				COPY_PHASE_STRIP = NO;
				DEBUG_INFORMATION_FORMAT = "dwarf-with-dsym";
				ENABLE_NS_ASSERTIONS = NO;
				ENABLE_STRICT_OBJC_MSGSEND = YES;
				ENABLE_USER_SCRIPT_SANDBOXING = YES;
				GCC_C_LANGUAGE_STANDARD = gnu17;
				GCC_NO_COMMON_BLOCKS = YES;
				GCC_WARN_64_TO_32_BIT_CONVERSION = YES;
				GCC_WARN_ABOUT_RETURN_TYPE = YES_ERROR;
				GCC_WARN_UNDECLARED_SELECTOR = YES;
				GCC_WARN_UNINITIALIZED_AUTOS = YES_AGGRESSIVE;
				GCC_WARN_UNUSED_FUNCTION = YES;
				GCC_WARN_UNUSED_VARIABLE = YES;
				IPHONEOS_DEPLOYMENT_TARGET = 18.2;
				LOCALIZATION_PREFERS_STRING_CATALOGS = YES;
				MTL_ENABLE_DEBUG_INFO = NO;
				MTL_FAST_MATH = YES;
				SDKROOT = iphoneos;
				SWIFT_COMPILATION_MODE = wholemodule;
				VALIDATE_PRODUCT = YES;
			};
			name = Release;
		};
		67708E1C2D42B7F4008B97A2 /* Debug */ = {
			isa = XCBuildConfiguration;
			buildSettings = {
				BUNDLE_LOADER = "$(TEST_HOST)";
				CODE_SIGN_STYLE = Automatic;
				CURRENT_PROJECT_VERSION = 1;
				GENERATE_INFOPLIST_FILE = YES;
				IPHONEOS_DEPLOYMENT_TARGET = 18.2;
				MARKETING_VERSION = 1.0;
				PRODUCT_BUNDLE_IDENTIFIER = NMSU.ClimateAppTests;
				PRODUCT_NAME = "$(TARGET_NAME)";
				SWIFT_EMIT_LOC_STRINGS = NO;
				SWIFT_VERSION = 5.0;
				TARGETED_DEVICE_FAMILY = "1,2";
				TEST_HOST = "$(BUILT_PRODUCTS_DIR)/ClimateApp.app/$(BUNDLE_EXECUTABLE_FOLDER_PATH)/ClimateApp";
			};
			name = Debug;
		};
		67708E1D2D42B7F4008B97A2 /* Release */ = {
			isa = XCBuildConfiguration;
			buildSettings = {
				BUNDLE_LOADER = "$(TEST_HOST)";
				CODE_SIGN_STYLE = Automatic;
				CURRENT_PROJECT_VERSION = 1;
				GENERATE_INFOPLIST_FILE = YES;
				IPHONEOS_DEPLOYMENT_TARGET = 18.2;
				MARKETING_VERSION = 1.0;
				PRODUCT_BUNDLE_IDENTIFIER = NMSU.ClimateAppTests;
				PRODUCT_NAME = "$(TARGET_NAME)";
				SWIFT_EMIT_LOC_STRINGS = NO;
				SWIFT_VERSION = 5.0;
				TARGETED_DEVICE_FAMILY = "1,2";
				TEST_HOST = "$(BUILT_PRODUCTS_DIR)/ClimateApp.app/$(BUNDLE_EXECUTABLE_FOLDER_PATH)/ClimateApp";
			};
			name = Release;
		};
		67708E1F2D42B7F4008B97A2 /* Debug */ = {
			isa = XCBuildConfiguration;
			buildSettings = {
				CODE_SIGN_STYLE = Automatic;
				CURRENT_PROJECT_VERSION = 1;
				GENERATE_INFOPLIST_FILE = YES;
				MARKETING_VERSION = 1.0;
				PRODUCT_BUNDLE_IDENTIFIER = NMSU.ClimateAppUITests;
				PRODUCT_NAME = "$(TARGET_NAME)";
				SWIFT_EMIT_LOC_STRINGS = NO;
				SWIFT_VERSION = 5.0;
				TARGETED_DEVICE_FAMILY = "1,2";
				TEST_TARGET_NAME = ClimateApp;
			};
			name = Debug;
		};
		67708E202D42B7F4008B97A2 /* Release */ = {
			isa = XCBuildConfiguration;
			buildSettings = {
				CODE_SIGN_STYLE = Automatic;
				CURRENT_PROJECT_VERSION = 1;
				GENERATE_INFOPLIST_FILE = YES;
				MARKETING_VERSION = 1.0;
				PRODUCT_BUNDLE_IDENTIFIER = NMSU.ClimateAppUITests;
				PRODUCT_NAME = "$(TARGET_NAME)";
				SWIFT_EMIT_LOC_STRINGS = NO;
				SWIFT_VERSION = 5.0;
				TARGETED_DEVICE_FAMILY = "1,2";
				TEST_TARGET_NAME = ClimateApp;
			};
			name = Release;
		};
/* End XCBuildConfiguration section */

/* Begin XCConfigurationList section */
		67708DE82D42B7F3008B97A2 /* Build configuration list for PBXProject "ClimateApp" */ = {
			isa = XCConfigurationList;
			buildConfigurations = (
				67708E192D42B7F4008B97A2 /* Debug */,
				67708E1A2D42B7F4008B97A2 /* Release */,
			);
			defaultConfigurationIsVisible = 0;
			defaultConfigurationName = Release;
		};
		67708E162D42B7F4008B97A2 /* Build configuration list for PBXNativeTarget "ClimateApp" */ = {
			isa = XCConfigurationList;
			buildConfigurations = (
				67708E172D42B7F4008B97A2 /* Debug */,
				67708E182D42B7F4008B97A2 /* Release */,
			);
			defaultConfigurationIsVisible = 0;
			defaultConfigurationName = Release;
		};
		67708E1B2D42B7F4008B97A2 /* Build configuration list for PBXNativeTarget "ClimateAppTests" */ = {
			isa = XCConfigurationList;
			buildConfigurations = (
				67708E1C2D42B7F4008B97A2 /* Debug */,
				67708E1D2D42B7F4008B97A2 /* Release */,
			);
			defaultConfigurationIsVisible = 0;
			defaultConfigurationName = Release;
		};
		67708E1E2D42B7F4008B97A2 /* Build configuration list for PBXNativeTarget "ClimateAppUITests" */ = {
			isa = XCConfigurationList;
			buildConfigurations = (
				67708E1F2D42B7F4008B97A2 /* Debug */,
				67708E202D42B7F4008B97A2 /* Release */,
			);
			defaultConfigurationIsVisible = 0;
			defaultConfigurationName = Release;
		};
/* End XCConfigurationList section */
	};
	rootObject = 67708DE52D42B7F3008B97A2 /* Project object */;
}
